
Microsoft Visual Studio Solution File, Format Version 12.00
# Visual Studio 14
VisualStudioVersion = 14.0.25420.1
MinimumVisualStudioVersion = 10.0.40219.1
Project("{FAE04EC0-301F-11D3-BF4B-00C04F79EFBC}") = "Ass2_1", "Ass2_1\Ass2_1.csproj", "{4E57E3B5-F1AF-4899-9F67-18AC609BFFD8}"
	ProjectSection(ProjectDependencies) = postProject
		{0A65C768-BFE5-4299-B7F6-6DDFFD99EAB8} = {0A65C768-BFE5-4299-B7F6-6DDFFD99EAB8}
	EndProjectSection
EndProject
Project("{FAE04EC0-301F-11D3-BF4B-00C04F79EFBC}") = "Ass2_1.Models", "Ass2_1.Models\Ass2_1.Models.csproj", "{6BDA4825-7267-4F3F-BE18-BAC034D47FEB}"
EndProject
Project("{FAE04EC0-301F-11D3-BF4B-00C04F79EFBC}") = "Ass2_1.DLA", "Ass2_1.DLA\Ass2_1.DLA.csproj", "{1EA79611-236B-49B7-87B5-A7C5670B6619}"
EndProject
Project("{FAE04EC0-301F-11D3-BF4B-00C04F79EFBC}") = "Ass2_1.BL", "Ass2_1.BL\Ass2_1.BL.csproj", "{0A65C768-BFE5-4299-B7F6-6DDFFD99EAB8}"
EndProject
Project("{FAE04EC0-301F-11D3-BF4B-00C04F79EFBC}") = "UnitTest", "UnitTest\UnitTest.csproj", "{24CF197F-586D-47B9-8BEE-64357D20293C}"
EndProject
Global
	GlobalSection(SolutionConfigurationPlatforms) = preSolution
		Debug|Any CPU = Debug|Any CPU
		Release|Any CPU = Release|Any CPU
	EndGlobalSection
	GlobalSection(ProjectConfigurationPlatforms) = postSolution
		{4E57E3B5-F1AF-4899-9F67-18AC609BFFD8}.Debug|Any CPU.ActiveCfg = Debug|Any CPU
		{4E57E3B5-F1AF-4899-9F67-18AC609BFFD8}.Debug|Any CPU.Build.0 = Debug|Any CPU
		{4E57E3B5-F1AF-4899-9F67-18AC609BFFD8}.Release|Any CPU.ActiveCfg = Release|Any CPU
		{4E57E3B5-F1AF-4899-9F67-18AC609BFFD8}.Release|Any CPU.Build.0 = Release|Any CPU
		{6BDA4825-7267-4F3F-BE18-BAC034D47FEB}.Debug|Any CPU.ActiveCfg = Debug|Any CPU
		{6BDA4825-7267-4F3F-BE18-BAC034D47FEB}.Debug|Any CPU.Build.0 = Debug|Any CPU
		{6BDA4825-7267-4F3F-BE18-BAC034D47FEB}.Release|Any CPU.ActiveCfg = Release|Any CPU
		{6BDA4825-7267-4F3F-BE18-BAC034D47FEB}.Release|Any CPU.Build.0 = Release|Any CPU
		{1EA79611-236B-49B7-87B5-A7C5670B6619}.Debug|Any CPU.ActiveCfg = Debug|Any CPU
		{1EA79611-236B-49B7-87B5-A7C5670B6619}.Debug|Any CPU.Build.0 = Debug|Any CPU
		{1EA79611-236B-49B7-87B5-A7C5670B6619}.Release|Any CPU.ActiveCfg = Release|Any CPU
		{1EA79611-236B-49B7-87B5-A7C5670B6619}.Release|Any CPU.Build.0 = Release|Any CPU
		{0A65C768-BFE5-4299-B7F6-6DDFFD99EAB8}.Debug|Any CPU.ActiveCfg = Debug|Any CPU
		{0A65C768-BFE5-4299-B7F6-6DDFFD99EAB8}.Debug|Any CPU.Build.0 = Debug|Any CPU
		{0A65C768-BFE5-4299-B7F6-6DDFFD99EAB8}.Release|Any CPU.ActiveCfg = Release|Any CPU
		{0A65C768-BFE5-4299-B7F6-6DDFFD99EAB8}.Release|Any CPU.Build.0 = Release|Any CPU
		{24CF197F-586D-47B9-8BEE-64357D20293C}.Debug|Any CPU.ActiveCfg = Debug|Any CPU
		{24CF197F-586D-47B9-8BEE-64357D20293C}.Debug|Any CPU.Build.0 = Debug|Any CPU
		{24CF197F-586D-47B9-8BEE-64357D20293C}.Release|Any CPU.ActiveCfg = Release|Any CPU
		{24CF197F-586D-47B9-8BEE-64357D20293C}.Release|Any CPU.Build.0 = Release|Any CPU
	EndGlobalSection
	GlobalSection(SolutionProperties) = preSolution
		HideSolutionNode = FALSE
	EndGlobalSection
EndGlobal
